// !$*UTF8*$!
{
	archiveVersion = 1;
	classes = {
	};
	objectVersion = 56;
	objects = {

/* Begin PBXBuildFile section */
		EC748E6C2ACED4970010EBBC /* SnowSeekerApp.swift in Sources */ = {isa = PBXBuildFile; fileRef = EC748E6B2ACED4970010EBBC /* SnowSeekerApp.swift */; };
		EC748E6E2ACED4970010EBBC /* ContentView.swift in Sources */ = {isa = PBXBuildFile; fileRef = EC748E6D2ACED4970010EBBC /* ContentView.swift */; };
		EC748E702ACED4990010EBBC /* Assets.xcassets in Resources */ = {isa = PBXBuildFile; fileRef = EC748E6F2ACED4990010EBBC /* Assets.xcassets */; };
		EC748E732ACED4990010EBBC /* Preview Assets.xcassets in Resources */ = {isa = PBXBuildFile; fileRef = EC748E722ACED4990010EBBC /* Preview Assets.xcassets */; };
		EC748E7A2ACED4FF0010EBBC /* resorts.json in Resources */ = {isa = PBXBuildFile; fileRef = EC748E792ACED4FF0010EBBC /* resorts.json */; };
		EC748E7C2ACED5E20010EBBC /* Resort.swift in Sources */ = {isa = PBXBuildFile; fileRef = EC748E7B2ACED5E20010EBBC /* Resort.swift */; };
		EC748E7E2ACED7160010EBBC /* Bundle-Decodable.swift in Sources */ = {isa = PBXBuildFile; fileRef = EC748E7D2ACED7160010EBBC /* Bundle-Decodable.swift */; };
		EC748E802ACF3ECB0010EBBC /* WelcomeView.swift in Sources */ = {isa = PBXBuildFile; fileRef = EC748E7F2ACF3ECB0010EBBC /* WelcomeView.swift */; };
		EC748E822ACF42D30010EBBC /* ResortView.swift in Sources */ = {isa = PBXBuildFile; fileRef = EC748E812ACF42D30010EBBC /* ResortView.swift */; };
		EC748E842ACF4A7E0010EBBC /* SkiDetailsView.swift in Sources */ = {isa = PBXBuildFile; fileRef = EC748E832ACF4A7E0010EBBC /* SkiDetailsView.swift */; };
		EC748E862ACF4B790010EBBC /* ResortDetailsView.swift in Sources */ = {isa = PBXBuildFile; fileRef = EC748E852ACF4B790010EBBC /* ResortDetailsView.swift */; };
		EC748E8A2ACF544B0010EBBC /* Facility.swift in Sources */ = {isa = PBXBuildFile; fileRef = EC748E892ACF544B0010EBBC /* Facility.swift */; };
		EC748E8C2ACF58D50010EBBC /* Favorites.swift in Sources */ = {isa = PBXBuildFile; fileRef = EC748E8B2ACF58D50010EBBC /* Favorites.swift */; };
/* End PBXBuildFile section */

/* Begin PBXFileReference section */
		EC748E682ACED4970010EBBC /* SnowSeeker.app */ = {isa = PBXFileReference; explicitFileType = wrapper.application; includeInIndex = 0; path = SnowSeeker.app; sourceTree = BUILT_PRODUCTS_DIR; };
		EC748E6B2ACED4970010EBBC /* SnowSeekerApp.swift */ = {isa = PBXFileReference; lastKnownFileType = sourcecode.swift; path = SnowSeekerApp.swift; sourceTree = "<group>"; };
		EC748E6D2ACED4970010EBBC /* ContentView.swift */ = {isa = PBXFileReference; lastKnownFileType = sourcecode.swift; path = ContentView.swift; sourceTree = "<group>"; };
		EC748E6F2ACED4990010EBBC /* Assets.xcassets */ = {isa = PBXFileReference; lastKnownFileType = folder.assetcatalog; path = Assets.xcassets; sourceTree = "<group>"; };
		EC748E722ACED4990010EBBC /* Preview Assets.xcassets */ = {isa = PBXFileReference; lastKnownFileType = folder.assetcatalog; path = "Preview Assets.xcassets"; sourceTree = "<group>"; };
		EC748E792ACED4FF0010EBBC /* resorts.json */ = {isa = PBXFileReference; fileEncoding = 4; lastKnownFileType = text.json; path = resorts.json; sourceTree = "<group>"; };
		EC748E7B2ACED5E20010EBBC /* Resort.swift */ = {isa = PBXFileReference; lastKnownFileType = sourcecode.swift; path = Resort.swift; sourceTree = "<group>"; };
		EC748E7D2ACED7160010EBBC /* Bundle-Decodable.swift */ = {isa = PBXFileReference; lastKnownFileType = sourcecode.swift; path = "Bundle-Decodable.swift"; sourceTree = "<group>"; };
		EC748E7F2ACF3ECB0010EBBC /* WelcomeView.swift */ = {isa = PBXFileReference; lastKnownFileType = sourcecode.swift; path = WelcomeView.swift; sourceTree = "<group>"; };
		EC748E812ACF42D30010EBBC /* ResortView.swift */ = {isa = PBXFileReference; lastKnownFileType = sourcecode.swift; path = ResortView.swift; sourceTree = "<group>"; };
		EC748E832ACF4A7E0010EBBC /* SkiDetailsView.swift */ = {isa = PBXFileReference; lastKnownFileType = sourcecode.swift; path = SkiDetailsView.swift; sourceTree = "<group>"; };
		EC748E852ACF4B790010EBBC /* ResortDetailsView.swift */ = {isa = PBXFileReference; lastKnownFileType = sourcecode.swift; path = ResortDetailsView.swift; sourceTree = "<group>"; };
		EC748E892ACF544B0010EBBC /* Facility.swift */ = {isa = PBXFileReference; lastKnownFileType = sourcecode.swift; path = Facility.swift; sourceTree = "<group>"; };
		EC748E8B2ACF58D50010EBBC /* Favorites.swift */ = {isa = PBXFileReference; lastKnownFileType = sourcecode.swift; path = Favorites.swift; sourceTree = "<group>"; };
/* End PBXFileReference section */

/* Begin PBXFrameworksBuildPhase section */
		EC748E652ACED4970010EBBC /* Frameworks */ = {
			isa = PBXFrameworksBuildPhase;
			buildActionMask = 2147483647;
			files = (
			);
			runOnlyForDeploymentPostprocessing = 0;
		};
/* End PBXFrameworksBuildPhase section */

/* Begin PBXGroup section */
		EC748E5F2ACED4970010EBBC = {
			isa = PBXGroup;
			children = (
				EC748E6A2ACED4970010EBBC /* SnowSeeker */,
				EC748E692ACED4970010EBBC /* Products */,
			);
			sourceTree = "<group>";
		};
		EC748E692ACED4970010EBBC /* Products */ = {
			isa = PBXGroup;
			children = (
				EC748E682ACED4970010EBBC /* SnowSeeker.app */,
			);
			name = Products;
			sourceTree = "<group>";
		};
		EC748E6A2ACED4970010EBBC /* SnowSeeker */ = {
			isa = PBXGroup;
			children = (
				EC748E6B2ACED4970010EBBC /* SnowSeekerApp.swift */,
				EC748E6D2ACED4970010EBBC /* ContentView.swift */,
				EC748E812ACF42D30010EBBC /* ResortView.swift */,
				EC748E8B2ACF58D50010EBBC /* Favorites.swift */,
				EC748E892ACF544B0010EBBC /* Facility.swift */,
				EC748E832ACF4A7E0010EBBC /* SkiDetailsView.swift */,
				EC748E852ACF4B790010EBBC /* ResortDetailsView.swift */,
				EC748E7F2ACF3ECB0010EBBC /* WelcomeView.swift */,
				EC748E7B2ACED5E20010EBBC /* Resort.swift */,
				EC748E7D2ACED7160010EBBC /* Bundle-Decodable.swift */,
				EC748E792ACED4FF0010EBBC /* resorts.json */,
				EC748E6F2ACED4990010EBBC /* Assets.xcassets */,
				EC748E712ACED4990010EBBC /* Preview Content */,
			);
			path = SnowSeeker;
			sourceTree = "<group>";
		};
		EC748E712ACED4990010EBBC /* Preview Content */ = {
			isa = PBXGroup;
			children = (
				EC748E722ACED4990010EBBC /* Preview Assets.xcassets */,
			);
			path = "Preview Content";
			sourceTree = "<group>";
		};
/* End PBXGroup section */

/* Begin PBXNativeTarget section */
		EC748E672ACED4970010EBBC /* SnowSeeker */ = {
			isa = PBXNativeTarget;
			buildConfigurationList = EC748E762ACED4990010EBBC /* Build configuration list for PBXNativeTarget "SnowSeeker" */;
			buildPhases = (
				EC748E642ACED4970010EBBC /* Sources */,
				EC748E652ACED4970010EBBC /* Frameworks */,
				EC748E662ACED4970010EBBC /* Resources */,
			);
			buildRules = (
			);
			dependencies = (
			);
			name = SnowSeeker;
			productName = SnowSeeker;
			productReference = EC748E682ACED4970010EBBC /* SnowSeeker.app */;
			productType = "com.apple.product-type.application";
		};
/* End PBXNativeTarget section */

/* Begin PBXProject section */
		EC748E602ACED4970010EBBC /* Project object */ = {
			isa = PBXProject;
			attributes = {
				BuildIndependentTargetsInParallel = 1;
				LastSwiftUpdateCheck = 1500;
				LastUpgradeCheck = 1500;
				TargetAttributes = {
					EC748E672ACED4970010EBBC = {
						CreatedOnToolsVersion = 15.0;
					};
				};
			};
			buildConfigurationList = EC748E632ACED4970010EBBC /* Build configuration list for PBXProject "SnowSeeker" */;
			compatibilityVersion = "Xcode 14.0";
			developmentRegion = en;
			hasScannedForEncodings = 0;
			knownRegions = (
				en,
				Base,
			);
			mainGroup = EC748E5F2ACED4970010EBBC;
			productRefGroup = EC748E692ACED4970010EBBC /* Products */;
			projectDirPath = "";
			projectRoot = "";
			targets = (
				EC748E672ACED4970010EBBC /* SnowSeeker */,
			);
		};
/* End PBXProject section */

/* Begin PBXResourcesBuildPhase section */
		EC748E662ACED4970010EBBC /* Resources */ = {
			isa = PBXResourcesBuildPhase;
			buildActionMask = 2147483647;
			files = (
				EC748E7A2ACED4FF0010EBBC /* resorts.json in Resources */,
				EC748E732ACED4990010EBBC /* Preview Assets.xcassets in Resources */,
				EC748E702ACED4990010EBBC /* Assets.xcassets in Resources */,
			);
			runOnlyForDeploymentPostprocessing = 0;
		};
/* End PBXResourcesBuildPhase section */

/* Begin PBXSourcesBuildPhase section */
		EC748E642ACED4970010EBBC /* Sources */ = {
			isa = PBXSourcesBuildPhase;
			buildActionMask = 2147483647;
			files = (
				EC748E802ACF3ECB0010EBBC /* WelcomeView.swift in Sources */,
				EC748E842ACF4A7E0010EBBC /* SkiDetailsView.swift in Sources */,
				EC748E862ACF4B790010EBBC /* ResortDetailsView.swift in Sources */,
				EC748E8C2ACF58D50010EBBC /* Favorites.swift in Sources */,
				EC748E8A2ACF544B0010EBBC /* Facility.swift in Sources */,
				EC748E6E2ACED4970010EBBC /* ContentView.swift in Sources */,
				EC748E7C2ACED5E20010EBBC /* Resort.swift in Sources */,
				EC748E822ACF42D30010EBBC /* ResortView.swift in Sources */,
				EC748E6C2ACED4970010EBBC /* SnowSeekerApp.swift in Sources */,
				EC748E7E2ACED7160010EBBC /* Bundle-Decodable.swift in Sources */,
			);
			runOnlyForDeploymentPostprocessing = 0;
		};
/* End PBXSourcesBuildPhase section */

/* Begin XCBuildConfiguration section */
		EC748E742ACED4990010EBBC /* Debug */ = {
			isa = XCBuildConfiguration;
			buildSettings = {
				ALWAYS_SEARCH_USER_PATHS = NO;
				ASSETCATALOG_COMPILER_GENERATE_SWIFT_ASSET_SYMBOL_EXTENSIONS = YES;
				CLANG_ANALYZER_NONNULL = YES;
				CLANG_ANALYZER_NUMBER_OBJECT_CONVERSION = YES_AGGRESSIVE;
				CLANG_CXX_LANGUAGE_STANDARD = "gnu++20";
				CLANG_ENABLE_MODULES = YES;
				CLANG_ENABLE_OBJC_ARC = YES;
				CLANG_ENABLE_OBJC_WEAK = YES;
				CLANG_WARN_BLOCK_CAPTURE_AUTORELEASING = YES;
				CLANG_WARN_BOOL_CONVERSION = YES;
				CLANG_WARN_COMMA = YES;
				CLANG_WARN_CONSTANT_CONVERSION = YES;
				CLANG_WARN_DEPRECATED_OBJC_IMPLEMENTATIONS = YES;
				CLANG_WARN_DIRECT_OBJC_ISA_USAGE = YES_ERROR;
				CLANG_WARN_DOCUMENTATION_COMMENTS = YES;
				CLANG_WARN_EMPTY_BODY = YES;
				CLANG_WARN_ENUM_CONVERSION = YES;
				CLANG_WARN_INFINITE_RECURSION = YES;
				CLANG_WARN_INT_CONVERSION = YES;
				CLANG_WARN_NON_LITERAL_NULL_CONVERSION = YES;
				CLANG_WARN_OBJC_IMPLICIT_RETAIN_SELF = YES;
				CLANG_WARN_OBJC_LITERAL_CONVERSION = YES;
				CLANG_WARN_OBJC_ROOT_CLASS = YES_ERROR;
				CLANG_WARN_QUOTED_INCLUDE_IN_FRAMEWORK_HEADER = YES;
				CLANG_WARN_RANGE_LOOP_ANALYSIS = YES;
				CLANG_WARN_STRICT_PROTOTYPES = YES;
				CLANG_WARN_SUSPICIOUS_MOVE = YES;
				CLANG_WARN_UNGUARDED_AVAILABILITY = YES_AGGRESSIVE;
				CLANG_WARN_UNREACHABLE_CODE = YES;
				CLANG_WARN__DUPLICATE_METHOD_MATCH = YES;
				COPY_PHASE_STRIP = NO;
				DEBUG_INFORMATION_FORMAT = dwarf;
				ENABLE_STRICT_OBJC_MSGSEND = YES;
				ENABLE_TESTABILITY = YES;
				ENABLE_USER_SCRIPT_SANDBOXING = YES;
				GCC_C_LANGUAGE_STANDARD = gnu17;
				GCC_DYNAMIC_NO_PIC = NO;
				GCC_NO_COMMON_BLOCKS = YES;
				GCC_OPTIMIZATION_LEVEL = 0;
				GCC_PREPROCESSOR_DEFINITIONS = (
					"DEBUG=1",
					"$(inherited)",
				);
				GCC_WARN_64_TO_32_BIT_CONVERSION = YES;
				GCC_WARN_ABOUT_RETURN_TYPE = YES_ERROR;
				GCC_WARN_UNDECLARED_SELECTOR = YES;
				GCC_WARN_UNINITIALIZED_AUTOS = YES_AGGRESSIVE;
				GCC_WARN_UNUSED_FUNCTION = YES;
				GCC_WARN_UNUSED_VARIABLE = YES;
				IPHONEOS_DEPLOYMENT_TARGET = 17.0;
				LOCALIZATION_PREFERS_STRING_CATALOGS = YES;
				MTL_ENABLE_DEBUG_INFO = INCLUDE_SOURCE;
				MTL_FAST_MATH = YES;
				ONLY_ACTIVE_ARCH = YES;
				SDKROOT = iphoneos;
				SWIFT_ACTIVE_COMPILATION_CONDITIONS = "DEBUG $(inherited)";
				SWIFT_OPTIMIZATION_LEVEL = "-Onone";
			};
			name = Debug;
		};
		EC748E752ACED4990010EBBC /* Release */ = {
			isa = XCBuildConfiguration;
			buildSettings = {
				ALWAYS_SEARCH_USER_PATHS = NO;
				ASSETCATALOG_COMPILER_GENERATE_SWIFT_ASSET_SYMBOL_EXTENSIONS = YES;
				CLANG_ANALYZER_NONNULL = YES;
				CLANG_ANALYZER_NUMBER_OBJECT_CONVERSION = YES_AGGRESSIVE;
				CLANG_CXX_LANGUAGE_STANDARD = "gnu++20";
				CLANG_ENABLE_MODULES = YES;
				CLANG_ENABLE_OBJC_ARC = YES;
				CLANG_ENABLE_OBJC_WEAK = YES;
				CLANG_WARN_BLOCK_CAPTURE_AUTORELEASING = YES;
				CLANG_WARN_BOOL_CONVERSION = YES;
				CLANG_WARN_COMMA = YES;
				CLANG_WARN_CONSTANT_CONVERSION = YES;
				CLANG_WARN_DEPRECATED_OBJC_IMPLEMENTATIONS = YES;
				CLANG_WARN_DIRECT_OBJC_ISA_USAGE = YES_ERROR;
				CLANG_WARN_DOCUMENTATION_COMMENTS = YES;
				CLANG_WARN_EMPTY_BODY = YES;
				CLANG_WARN_ENUM_CONVERSION = YES;
				CLANG_WARN_INFINITE_RECURSION = YES;
				CLANG_WARN_INT_CONVERSION = YES;
				CLANG_WARN_NON_LITERAL_NULL_CONVERSION = YES;
				CLANG_WARN_OBJC_IMPLICIT_RETAIN_SELF = YES;
				CLANG_WARN_OBJC_LITERAL_CONVERSION = YES;
				CLANG_WARN_OBJC_ROOT_CLASS = YES_ERROR;
				CLANG_WARN_QUOTED_INCLUDE_IN_FRAMEWORK_HEADER = YES;
				CLANG_WARN_RANGE_LOOP_ANALYSIS = YES;
				CLANG_WARN_STRICT_PROTOTYPES = YES;
				CLANG_WARN_SUSPICIOUS_MOVE = YES;
				CLANG_WARN_UNGUARDED_AVAILABILITY = YES_AGGRESSIVE;
				CLANG_WARN_UNREACHABLE_CODE = YES;
				CLANG_WARN__DUPLICATE_METHOD_MATCH = YES;
				COPY_PHASE_STRIP = NO;
				DEBUG_INFORMATION_FORMAT = "dwarf-with-dsym";
				ENABLE_NS_ASSERTIONS = NO;
				ENABLE_STRICT_OBJC_MSGSEND = YES;
				ENABLE_USER_SCRIPT_SANDBOXING = YES;
				GCC_C_LANGUAGE_STANDARD = gnu17;
				GCC_NO_COMMON_BLOCKS = YES;
				GCC_WARN_64_TO_32_BIT_CONVERSION = YES;
				GCC_WARN_ABOUT_RETURN_TYPE = YES_ERROR;
				GCC_WARN_UNDECLARED_SELECTOR = YES;
				GCC_WARN_UNINITIALIZED_AUTOS = YES_AGGRESSIVE;
				GCC_WARN_UNUSED_FUNCTION = YES;
				GCC_WARN_UNUSED_VARIABLE = YES;
				IPHONEOS_DEPLOYMENT_TARGET = 17.0;
				LOCALIZATION_PREFERS_STRING_CATALOGS = YES;
				MTL_ENABLE_DEBUG_INFO = NO;
				MTL_FAST_MATH = YES;
				SDKROOT = iphoneos;
				SWIFT_COMPILATION_MODE = wholemodule;
				VALIDATE_PRODUCT = YES;
			};
			name = Release;
		};
		EC748E772ACED4990010EBBC /* Debug */ = {
			isa = XCBuildConfiguration;
			buildSettings = {
				ASSETCATALOG_COMPILER_APPICON_NAME = AppIcon;
				ASSETCATALOG_COMPILER_GLOBAL_ACCENT_COLOR_NAME = AccentColor;
				CODE_SIGN_STYLE = Automatic;
				CURRENT_PROJECT_VERSION = 1;
				DEVELOPMENT_ASSET_PATHS = "\"SnowSeeker/Preview Content\"";
				DEVELOPMENT_TEAM = HW5A3F2N44;
				ENABLE_PREVIEWS = YES;
				GENERATE_INFOPLIST_FILE = YES;
				INFOPLIST_KEY_UIApplicationSceneManifest_Generation = YES;
				INFOPLIST_KEY_UIApplicationSupportsIndirectInputEvents = YES;
				INFOPLIST_KEY_UILaunchScreen_Generation = YES;
				INFOPLIST_KEY_UISupportedInterfaceOrientations_iPad = "UIInterfaceOrientationPortrait UIInterfaceOrientationPortraitUpsideDown UIInterfaceOrientationLandscapeLeft UIInterfaceOrientationLandscapeRight";
				INFOPLIST_KEY_UISupportedInterfaceOrientations_iPhone = "UIInterfaceOrientationPortrait UIInterfaceOrientationLandscapeLeft UIInterfaceOrientationLandscapeRight";
				LD_RUNPATH_SEARCH_PATHS = (
					"$(inherited)",
					"@executable_path/Frameworks",
				);
				MARKETING_VERSION = 1.0;
				PRODUCT_BUNDLE_IDENTIFIER = edu.miami.jrh279.SnowSeeker;
				PRODUCT_NAME = "$(TARGET_NAME)";
				SWIFT_EMIT_LOC_STRINGS = YES;
				SWIFT_VERSION = 5.0;
				TARGETED_DEVICE_FAMILY = "1,2";
			};
			name = Debug;
		};
		EC748E782ACED4990010EBBC /* Release */ = {
			isa = XCBuildConfiguration;
			buildSettings = {
				ASSETCATALOG_COMPILER_APPICON_NAME = AppIcon;
				ASSETCATALOG_COMPILER_GLOBAL_ACCENT_COLOR_NAME = AccentColor;
				CODE_SIGN_STYLE = Automatic;
				CURRENT_PROJECT_VERSION = 1;
				DEVELOPMENT_ASSET_PATHS = "\"SnowSeeker/Preview Content\"";
				DEVELOPMENT_TEAM = HW5A3F2N44;
				ENABLE_PREVIEWS = YES;
				GENERATE_INFOPLIST_FILE = YES;
				INFOPLIST_KEY_UIApplicationSceneManifest_Generation = YES;
				INFOPLIST_KEY_UIApplicationSupportsIndirectInputEvents = YES;
				INFOPLIST_KEY_UILaunchScreen_Generation = YES;
				INFOPLIST_KEY_UISupportedInterfaceOrientations_iPad = "UIInterfaceOrientationPortrait UIInterfaceOrientationPortraitUpsideDown UIInterfaceOrientationLandscapeLeft UIInterfaceOrientationLandscapeRight";
				INFOPLIST_KEY_UISupportedInterfaceOrientations_iPhone = "UIInterfaceOrientationPortrait UIInterfaceOrientationLandscapeLeft UIInterfaceOrientationLandscapeRight";
				LD_RUNPATH_SEARCH_PATHS = (
					"$(inherited)",
					"@executable_path/Frameworks",
				);
				MARKETING_VERSION = 1.0;
				PRODUCT_BUNDLE_IDENTIFIER = edu.miami.jrh279.SnowSeeker;
				PRODUCT_NAME = "$(TARGET_NAME)";
				SWIFT_EMIT_LOC_STRINGS = YES;
				SWIFT_VERSION = 5.0;
				TARGETED_DEVICE_FAMILY = "1,2";
			};
			name = Release;
		};
/* End XCBuildConfiguration section */

/* Begin XCConfigurationList section */
		EC748E632ACED4970010EBBC /* Build configuration list for PBXProject "SnowSeeker" */ = {
			isa = XCConfigurationList;
			buildConfigurations = (
				EC748E742ACED4990010EBBC /* Debug */,
				EC748E752ACED4990010EBBC /* Release */,
			);
			defaultConfigurationIsVisible = 0;
			defaultConfigurationName = Release;
		};
		EC748E762ACED4990010EBBC /* Build configuration list for PBXNativeTarget "SnowSeeker" */ = {
			isa = XCConfigurationList;
			buildConfigurations = (
				EC748E772ACED4990010EBBC /* Debug */,
				EC748E782ACED4990010EBBC /* Release */,
			);
			defaultConfigurationIsVisible = 0;
			defaultConfigurationName = Release;
		};
/* End XCConfigurationList section */
	};
	rootObject = EC748E602ACED4970010EBBC /* Project object */;
}
